// !$*UTF8*$!
{
	archiveVersion = 1;
	classes = {
	};
	objectVersion = 55;
	objects = {

/* Begin PBXBuildFile section */
		9F42602026F896D2005EB7B8 /* NetworkModule in Frameworks */ = {isa = PBXBuildFile; productRef = 9F42601F26F896D2005EB7B8 /* NetworkModule */; };
		9F51A0C326F88F62001F1118 /* AppDelegate.swift in Sources */ = {isa = PBXBuildFile; fileRef = 9F51A0C226F88F62001F1118 /* AppDelegate.swift */; };
		9F51A0C526F88F62001F1118 /* SceneDelegate.swift in Sources */ = {isa = PBXBuildFile; fileRef = 9F51A0C426F88F62001F1118 /* SceneDelegate.swift */; };
		9F51A0C726F88F62001F1118 /* ViewController.swift in Sources */ = {isa = PBXBuildFile; fileRef = 9F51A0C626F88F62001F1118 /* ViewController.swift */; };
		9F51A0CA26F88F62001F1118 /* Main.storyboard in Resources */ = {isa = PBXBuildFile; fileRef = 9F51A0C826F88F62001F1118 /* Main.storyboard */; };
		9F51A0CC26F88F65001F1118 /* Assets.xcassets in Resources */ = {isa = PBXBuildFile; fileRef = 9F51A0CB26F88F65001F1118 /* Assets.xcassets */; };
		9F51A0CF26F88F65001F1118 /* LaunchScreen.storyboard in Resources */ = {isa = PBXBuildFile; fileRef = 9F51A0CD26F88F65001F1118 /* LaunchScreen.storyboard */; };
		9F51A0DA26F88F65001F1118 /* MainAppTests.swift in Sources */ = {isa = PBXBuildFile; fileRef = 9F51A0D926F88F65001F1118 /* MainAppTests.swift */; };
		9F51A0E426F88F65001F1118 /* MainAppUITests.swift in Sources */ = {isa = PBXBuildFile; fileRef = 9F51A0E326F88F65001F1118 /* MainAppUITests.swift */; };
		9F51A0E626F88F65001F1118 /* MainAppUITestsLaunchTests.swift in Sources */ = {isa = PBXBuildFile; fileRef = 9F51A0E526F88F65001F1118 /* MainAppUITestsLaunchTests.swift */; };
/* End PBXBuildFile section */

/* Begin PBXContainerItemProxy section */
		9F51A0D626F88F65001F1118 /* PBXContainerItemProxy */ = {
			isa = PBXContainerItemProxy;
			containerPortal = 9F51A0B726F88F62001F1118 /* Project object */;
			proxyType = 1;
			remoteGlobalIDString = 9F51A0BE26F88F62001F1118;
			remoteInfo = MainApp;
		};
		9F51A0E026F88F65001F1118 /* PBXContainerItemProxy */ = {
			isa = PBXContainerItemProxy;
			containerPortal = 9F51A0B726F88F62001F1118 /* Project object */;
			proxyType = 1;
			remoteGlobalIDString = 9F51A0BE26F88F62001F1118;
			remoteInfo = MainApp;
		};
/* End PBXContainerItemProxy section */

/* Begin PBXFileReference section */
		9F51A0BF26F88F62001F1118 /* MainApp.app */ = {isa = PBXFileReference; explicitFileType = wrapper.application; includeInIndex = 0; path = MainApp.app; sourceTree = BUILT_PRODUCTS_DIR; };
		9F51A0C226F88F62001F1118 /* AppDelegate.swift */ = {isa = PBXFileReference; lastKnownFileType = sourcecode.swift; path = AppDelegate.swift; sourceTree = "<group>"; };
		9F51A0C426F88F62001F1118 /* SceneDelegate.swift */ = {isa = PBXFileReference; lastKnownFileType = sourcecode.swift; path = SceneDelegate.swift; sourceTree = "<group>"; };
		9F51A0C626F88F62001F1118 /* ViewController.swift */ = {isa = PBXFileReference; lastKnownFileType = sourcecode.swift; path = ViewController.swift; sourceTree = "<group>"; };
		9F51A0C926F88F62001F1118 /* Base */ = {isa = PBXFileReference; lastKnownFileType = file.storyboard; name = Base; path = Base.lproj/Main.storyboard; sourceTree = "<group>"; };
		9F51A0CB26F88F65001F1118 /* Assets.xcassets */ = {isa = PBXFileReference; lastKnownFileType = folder.assetcatalog; path = Assets.xcassets; sourceTree = "<group>"; };
		9F51A0CE26F88F65001F1118 /* Base */ = {isa = PBXFileReference; lastKnownFileType = file.storyboard; name = Base; path = Base.lproj/LaunchScreen.storyboard; sourceTree = "<group>"; };
		9F51A0D026F88F65001F1118 /* Info.plist */ = {isa = PBXFileReference; lastKnownFileType = text.plist.xml; path = Info.plist; sourceTree = "<group>"; };
		9F51A0D526F88F65001F1118 /* MainAppTests.xctest */ = {isa = PBXFileReference; explicitFileType = wrapper.cfbundle; includeInIndex = 0; path = MainAppTests.xctest; sourceTree = BUILT_PRODUCTS_DIR; };
		9F51A0D926F88F65001F1118 /* MainAppTests.swift */ = {isa = PBXFileReference; lastKnownFileType = sourcecode.swift; path = MainAppTests.swift; sourceTree = "<group>"; };
		9F51A0DF26F88F65001F1118 /* MainAppUITests.xctest */ = {isa = PBXFileReference; explicitFileType = wrapper.cfbundle; includeInIndex = 0; path = MainAppUITests.xctest; sourceTree = BUILT_PRODUCTS_DIR; };
		9F51A0E326F88F65001F1118 /* MainAppUITests.swift */ = {isa = PBXFileReference; lastKnownFileType = sourcecode.swift; path = MainAppUITests.swift; sourceTree = "<group>"; };
		9F51A0E526F88F65001F1118 /* MainAppUITestsLaunchTests.swift */ = {isa = PBXFileReference; lastKnownFileType = sourcecode.swift; path = MainAppUITestsLaunchTests.swift; sourceTree = "<group>"; };
/* End PBXFileReference section */

/* Begin PBXFrameworksBuildPhase section */
		9F51A0BC26F88F62001F1118 /* Frameworks */ = {
			isa = PBXFrameworksBuildPhase;
			buildActionMask = 2147483647;
			files = (
				9F42602026F896D2005EB7B8 /* NetworkModule in Frameworks */,
			);
			runOnlyForDeploymentPostprocessing = 0;
		};
		9F51A0D226F88F65001F1118 /* Frameworks */ = {
			isa = PBXFrameworksBuildPhase;
			buildActionMask = 2147483647;
			files = (
			);
			runOnlyForDeploymentPostprocessing = 0;
		};
		9F51A0DC26F88F65001F1118 /* Frameworks */ = {
			isa = PBXFrameworksBuildPhase;
			buildActionMask = 2147483647;
			files = (
			);
			runOnlyForDeploymentPostprocessing = 0;
		};
/* End PBXFrameworksBuildPhase section */

/* Begin PBXGroup section */
		9F42601E26F896D2005EB7B8 /* Frameworks */ = {
			isa = PBXGroup;
			children = (
			);
			name = Frameworks;
			sourceTree = "<group>";
		};
		9F51A0B626F88F62001F1118 = {
			isa = PBXGroup;
			children = (
				9F51A0C126F88F62001F1118 /* MainApp */,
				9F51A0D826F88F65001F1118 /* MainAppTests */,
				9F51A0E226F88F65001F1118 /* MainAppUITests */,
				9F51A0C026F88F62001F1118 /* Products */,
				9F42601E26F896D2005EB7B8 /* Frameworks */,
			);
			sourceTree = "<group>";
		};
		9F51A0C026F88F62001F1118 /* Products */ = {
			isa = PBXGroup;
			children = (
				9F51A0BF26F88F62001F1118 /* MainApp.app */,
				9F51A0D526F88F65001F1118 /* MainAppTests.xctest */,
				9F51A0DF26F88F65001F1118 /* MainAppUITests.xctest */,
			);
			name = Products;
			sourceTree = "<group>";
		};
		9F51A0C126F88F62001F1118 /* MainApp */ = {
			isa = PBXGroup;
			children = (
				9F51A0C226F88F62001F1118 /* AppDelegate.swift */,
				9F51A0C426F88F62001F1118 /* SceneDelegate.swift */,
				9F51A0C626F88F62001F1118 /* ViewController.swift */,
				9F51A0C826F88F62001F1118 /* Main.storyboard */,
				9F51A0CB26F88F65001F1118 /* Assets.xcassets */,
				9F51A0CD26F88F65001F1118 /* LaunchScreen.storyboard */,
				9F51A0D026F88F65001F1118 /* Info.plist */,
			);
			path = MainApp;
			sourceTree = "<group>";
		};
		9F51A0D826F88F65001F1118 /* MainAppTests */ = {
			isa = PBXGroup;
			children = (
				9F51A0D926F88F65001F1118 /* MainAppTests.swift */,
			);
			path = MainAppTests;
			sourceTree = "<group>";
		};
		9F51A0E226F88F65001F1118 /* MainAppUITests */ = {
			isa = PBXGroup;
			children = (
				9F51A0E326F88F65001F1118 /* MainAppUITests.swift */,
				9F51A0E526F88F65001F1118 /* MainAppUITestsLaunchTests.swift */,
			);
			path = MainAppUITests;
			sourceTree = "<group>";
		};
/* End PBXGroup section */

/* Begin PBXNativeTarget section */
		9F51A0BE26F88F62001F1118 /* MainApp */ = {
			isa = PBXNativeTarget;
			buildConfigurationList = 9F51A0E926F88F65001F1118 /* Build configuration list for PBXNativeTarget "MainApp" */;
			buildPhases = (
				9F51A0BB26F88F62001F1118 /* Sources */,
				9F51A0BC26F88F62001F1118 /* Frameworks */,
				9F51A0BD26F88F62001F1118 /* Resources */,
			);
			buildRules = (
			);
			dependencies = (
			);
			name = MainApp;
			packageProductDependencies = (
				9F42601F26F896D2005EB7B8 /* NetworkModule */,
			);
			productName = MainApp;
			productReference = 9F51A0BF26F88F62001F1118 /* MainApp.app */;
			productType = "com.apple.product-type.application";
		};
		9F51A0D426F88F65001F1118 /* MainAppTests */ = {
			isa = PBXNativeTarget;
			buildConfigurationList = 9F51A0EC26F88F65001F1118 /* Build configuration list for PBXNativeTarget "MainAppTests" */;
			buildPhases = (
				9F51A0D126F88F65001F1118 /* Sources */,
				9F51A0D226F88F65001F1118 /* Frameworks */,
				9F51A0D326F88F65001F1118 /* Resources */,
			);
			buildRules = (
			);
			dependencies = (
				9F51A0D726F88F65001F1118 /* PBXTargetDependency */,
			);
			name = MainAppTests;
			productName = MainAppTests;
			productReference = 9F51A0D526F88F65001F1118 /* MainAppTests.xctest */;
			productType = "com.apple.product-type.bundle.unit-test";
		};
		9F51A0DE26F88F65001F1118 /* MainAppUITests */ = {
			isa = PBXNativeTarget;
			buildConfigurationList = 9F51A0EF26F88F65001F1118 /* Build configuration list for PBXNativeTarget "MainAppUITests" */;
			buildPhases = (
				9F51A0DB26F88F65001F1118 /* Sources */,
				9F51A0DC26F88F65001F1118 /* Frameworks */,
				9F51A0DD26F88F65001F1118 /* Resources */,
			);
			buildRules = (
			);
			dependencies = (
				9F51A0E126F88F65001F1118 /* PBXTargetDependency */,
			);
			name = MainAppUITests;
			productName = MainAppUITests;
			productReference = 9F51A0DF26F88F65001F1118 /* MainAppUITests.xctest */;
			productType = "com.apple.product-type.bundle.ui-testing";
		};
/* End PBXNativeTarget section */

/* Begin PBXProject section */
		9F51A0B726F88F62001F1118 /* Project object */ = {
			isa = PBXProject;
			attributes = {
				BuildIndependentTargetsInParallel = 1;
				LastSwiftUpdateCheck = 1300;
				LastUpgradeCheck = 1300;
				TargetAttributes = {
					9F51A0BE26F88F62001F1118 = {
						CreatedOnToolsVersion = 13.0;
					};
					9F51A0D426F88F65001F1118 = {
						CreatedOnToolsVersion = 13.0;
						TestTargetID = 9F51A0BE26F88F62001F1118;
					};
					9F51A0DE26F88F65001F1118 = {
						CreatedOnToolsVersion = 13.0;
						TestTargetID = 9F51A0BE26F88F62001F1118;
					};
				};
			};
			buildConfigurationList = 9F51A0BA26F88F62001F1118 /* Build configuration list for PBXProject "MainApp" */;
			compatibilityVersion = "Xcode 13.0";
			developmentRegion = en;
			hasScannedForEncodings = 0;
			knownRegions = (
				en,
				Base,
			);
			mainGroup = 9F51A0B626F88F62001F1118;
			productRefGroup = 9F51A0C026F88F62001F1118 /* Products */;
			projectDirPath = "";
			projectRoot = "";
			targets = (
				9F51A0BE26F88F62001F1118 /* MainApp */,
				9F51A0D426F88F65001F1118 /* MainAppTests */,
				9F51A0DE26F88F65001F1118 /* MainAppUITests */,
			);
		};
/* End PBXProject section */

/* Begin PBXResourcesBuildPhase section */
		9F51A0BD26F88F62001F1118 /* Resources */ = {
			isa = PBXResourcesBuildPhase;
			buildActionMask = 2147483647;
			files = (
				9F51A0CF26F88F65001F1118 /* LaunchScreen.storyboard in Resources */,
				9F51A0CC26F88F65001F1118 /* Assets.xcassets in Resources */,
				9F51A0CA26F88F62001F1118 /* Main.storyboard in Resources */,
			);
			runOnlyForDeploymentPostprocessing = 0;
		};
		9F51A0D326F88F65001F1118 /* Resources */ = {
			isa = PBXResourcesBuildPhase;
			buildActionMask = 2147483647;
			files = (
			);
			runOnlyForDeploymentPostprocessing = 0;
		};
		9F51A0DD26F88F65001F1118 /* Resources */ = {
			isa = PBXResourcesBuildPhase;
			buildActionMask = 2147483647;
			files = (
			);
			runOnlyForDeploymentPostprocessing = 0;
		};
/* End PBXResourcesBuildPhase section */

/* Begin PBXSourcesBuildPhase section */
		9F51A0BB26F88F62001F1118 /* Sources */ = {
			isa = PBXSourcesBuildPhase;
			buildActionMask = 2147483647;
			files = (
				9F51A0C726F88F62001F1118 /* ViewController.swift in Sources */,
				9F51A0C326F88F62001F1118 /* AppDelegate.swift in Sources */,
				9F51A0C526F88F62001F1118 /* SceneDelegate.swift in Sources */,
			);
			runOnlyForDeploymentPostprocessing = 0;
		};
		9F51A0D126F88F65001F1118 /* Sources */ = {
			isa = PBXSourcesBuildPhase;
			buildActionMask = 2147483647;
			files = (
				9F51A0DA26F88F65001F1118 /* MainAppTests.swift in Sources */,
			);
			runOnlyForDeploymentPostprocessing = 0;
		};
		9F51A0DB26F88F65001F1118 /* Sources */ = {
			isa = PBXSourcesBuildPhase;
			buildActionMask = 2147483647;
			files = (
				9F51A0E426F88F65001F1118 /* MainAppUITests.swift in Sources */,
				9F51A0E626F88F65001F1118 /* MainAppUITestsLaunchTests.swift in Sources */,
			);
			runOnlyForDeploymentPostprocessing = 0;
		};
/* End PBXSourcesBuildPhase section */

/* Begin PBXTargetDependency section */
		9F51A0D726F88F65001F1118 /* PBXTargetDependency */ = {
			isa = PBXTargetDependency;
			target = 9F51A0BE26F88F62001F1118 /* MainApp */;
			targetProxy = 9F51A0D626F88F65001F1118 /* PBXContainerItemProxy */;
		};
		9F51A0E126F88F65001F1118 /* PBXTargetDependency */ = {
			isa = PBXTargetDependency;
			target = 9F51A0BE26F88F62001F1118 /* MainApp */;
			targetProxy = 9F51A0E026F88F65001F1118 /* PBXContainerItemProxy */;
		};
/* End PBXTargetDependency section */

/* Begin PBXVariantGroup section */
		9F51A0C826F88F62001F1118 /* Main.storyboard */ = {
			isa = PBXVariantGroup;
			children = (
				9F51A0C926F88F62001F1118 /* Base */,
			);
			name = Main.storyboard;
			sourceTree = "<group>";
		};
		9F51A0CD26F88F65001F1118 /* LaunchScreen.storyboard */ = {
			isa = PBXVariantGroup;
			children = (
				9F51A0CE26F88F65001F1118 /* Base */,
			);
			name = LaunchScreen.storyboard;
			sourceTree = "<group>";
		};
/* End PBXVariantGroup section */

/* Begin XCBuildConfiguration section */
		9F51A0E726F88F65001F1118 /* Debug */ = {
			isa = XCBuildConfiguration;
			buildSettings = {
				ALWAYS_SEARCH_USER_PATHS = NO;
				CLANG_ANALYZER_NONNULL = YES;
				CLANG_ANALYZER_NUMBER_OBJECT_CONVERSION = YES_AGGRESSIVE;
				CLANG_CXX_LANGUAGE_STANDARD = "gnu++17";
				CLANG_CXX_LIBRARY = "libc++";
				CLANG_ENABLE_MODULES = YES;
				CLANG_ENABLE_OBJC_ARC = YES;
				CLANG_ENABLE_OBJC_WEAK = YES;
				CLANG_WARN_BLOCK_CAPTURE_AUTORELEASING = YES;
				CLANG_WARN_BOOL_CONVERSION = YES;
				CLANG_WARN_COMMA = YES;
				CLANG_WARN_CONSTANT_CONVERSION = YES;
				CLANG_WARN_DEPRECATED_OBJC_IMPLEMENTATIONS = YES;
				CLANG_WARN_DIRECT_OBJC_ISA_USAGE = YES_ERROR;
				CLANG_WARN_DOCUMENTATION_COMMENTS = YES;
				CLANG_WARN_EMPTY_BODY = YES;
				CLANG_WARN_ENUM_CONVERSION = YES;
				CLANG_WARN_INFINITE_RECURSION = YES;
				CLANG_WARN_INT_CONVERSION = YES;
				CLANG_WARN_NON_LITERAL_NULL_CONVERSION = YES;
				CLANG_WARN_OBJC_IMPLICIT_RETAIN_SELF = YES;
				CLANG_WARN_OBJC_LITERAL_CONVERSION = YES;
				CLANG_WARN_OBJC_ROOT_CLASS = YES_ERROR;
				CLANG_WARN_QUOTED_INCLUDE_IN_FRAMEWORK_HEADER = YES;
				CLANG_WARN_RANGE_LOOP_ANALYSIS = YES;
				CLANG_WARN_STRICT_PROTOTYPES = YES;
				CLANG_WARN_SUSPICIOUS_MOVE = YES;
				CLANG_WARN_UNGUARDED_AVAILABILITY = YES_AGGRESSIVE;
				CLANG_WARN_UNREACHABLE_CODE = YES;
				CLANG_WARN__DUPLICATE_METHOD_MATCH = YES;
				COPY_PHASE_STRIP = NO;
				DEBUG_INFORMATION_FORMAT = dwarf;
				ENABLE_STRICT_OBJC_MSGSEND = YES;
				ENABLE_TESTABILITY = YES;
				GCC_C_LANGUAGE_STANDARD = gnu11;
				GCC_DYNAMIC_NO_PIC = NO;
				GCC_NO_COMMON_BLOCKS = YES;
				GCC_OPTIMIZATION_LEVEL = 0;
				GCC_PREPROCESSOR_DEFINITIONS = (
					"DEBUG=1",
					"$(inherited)",
				);
				GCC_WARN_64_TO_32_BIT_CONVERSION = YES;
				GCC_WARN_ABOUT_RETURN_TYPE = YES_ERROR;
				GCC_WARN_UNDECLARED_SELECTOR = YES;
				GCC_WARN_UNINITIALIZED_AUTOS = YES_AGGRESSIVE;
				GCC_WARN_UNUSED_FUNCTION = YES;
				GCC_WARN_UNUSED_VARIABLE = YES;
				IPHONEOS_DEPLOYMENT_TARGET = 15.0;
				MTL_ENABLE_DEBUG_INFO = INCLUDE_SOURCE;
				MTL_FAST_MATH = YES;
				ONLY_ACTIVE_ARCH = YES;
				SDKROOT = iphoneos;
				SWIFT_ACTIVE_COMPILATION_CONDITIONS = DEBUG;
				SWIFT_OPTIMIZATION_LEVEL = "-Onone";
			};
			name = Debug;
		};
		9F51A0E826F88F65001F1118 /* Release */ = {
			isa = XCBuildConfiguration;
			buildSettings = {
				ALWAYS_SEARCH_USER_PATHS = NO;
				CLANG_ANALYZER_NONNULL = YES;
				CLANG_ANALYZER_NUMBER_OBJECT_CONVERSION = YES_AGGRESSIVE;
				CLANG_CXX_LANGUAGE_STANDARD = "gnu++17";
				CLANG_CXX_LIBRARY = "libc++";
				CLANG_ENABLE_MODULES = YES;
				CLANG_ENABLE_OBJC_ARC = YES;
				CLANG_ENABLE_OBJC_WEAK = YES;
				CLANG_WARN_BLOCK_CAPTURE_AUTORELEASING = YES;
				CLANG_WARN_BOOL_CONVERSION = YES;
				CLANG_WARN_COMMA = YES;
				CLANG_WARN_CONSTANT_CONVERSION = YES;
				CLANG_WARN_DEPRECATED_OBJC_IMPLEMENTATIONS = YES;
				CLANG_WARN_DIRECT_OBJC_ISA_USAGE = YES_ERROR;
				CLANG_WARN_DOCUMENTATION_COMMENTS = YES;
				CLANG_WARN_EMPTY_BODY = YES;
				CLANG_WARN_ENUM_CONVERSION = YES;
				CLANG_WARN_INFINITE_RECURSION = YES;
				CLANG_WARN_INT_CONVERSION = YES;
				CLANG_WARN_NON_LITERAL_NULL_CONVERSION = YES;
				CLANG_WARN_OBJC_IMPLICIT_RETAIN_SELF = YES;
				CLANG_WARN_OBJC_LITERAL_CONVERSION = YES;
				CLANG_WARN_OBJC_ROOT_CLASS = YES_ERROR;
				CLANG_WARN_QUOTED_INCLUDE_IN_FRAMEWORK_HEADER = YES;
				CLANG_WARN_RANGE_LOOP_ANALYSIS = YES;
				CLANG_WARN_STRICT_PROTOTYPES = YES;
				CLANG_WARN_SUSPICIOUS_MOVE = YES;
				CLANG_WARN_UNGUARDED_AVAILABILITY = YES_AGGRESSIVE;
				CLANG_WARN_UNREACHABLE_CODE = YES;
				CLANG_WARN__DUPLICATE_METHOD_MATCH = YES;
				COPY_PHASE_STRIP = NO;
				DEBUG_INFORMATION_FORMAT = "dwarf-with-dsym";
				ENABLE_NS_ASSERTIONS = NO;
				ENABLE_STRICT_OBJC_MSGSEND = YES;
				GCC_C_LANGUAGE_STANDARD = gnu11;
				GCC_NO_COMMON_BLOCKS = YES;
				GCC_WARN_64_TO_32_BIT_CONVERSION = YES;
				GCC_WARN_ABOUT_RETURN_TYPE = YES_ERROR;
				GCC_WARN_UNDECLARED_SELECTOR = YES;
				GCC_WARN_UNINITIALIZED_AUTOS = YES_AGGRESSIVE;
				GCC_WARN_UNUSED_FUNCTION = YES;
				GCC_WARN_UNUSED_VARIABLE = YES;
				IPHONEOS_DEPLOYMENT_TARGET = 15.0;
				MTL_ENABLE_DEBUG_INFO = NO;
				MTL_FAST_MATH = YES;
				SDKROOT = iphoneos;
				SWIFT_COMPILATION_MODE = wholemodule;
				SWIFT_OPTIMIZATION_LEVEL = "-O";
				VALIDATE_PRODUCT = YES;
			};
			name = Release;
		};
		9F51A0EA26F88F65001F1118 /* Debug */ = {
			isa = XCBuildConfiguration;
			buildSettings = {
				ASSETCATALOG_COMPILER_APPICON_NAME = AppIcon;
				ASSETCATALOG_COMPILER_GLOBAL_ACCENT_COLOR_NAME = AccentColor;
				CODE_SIGN_STYLE = Automatic;
				CURRENT_PROJECT_VERSION = 1;
				DEVELOPMENT_TEAM = CLCZFAVBGV;
				GENERATE_INFOPLIST_FILE = YES;
				INFOPLIST_FILE = MainApp/Info.plist;
				INFOPLIST_KEY_UIApplicationSupportsIndirectInputEvents = YES;
				INFOPLIST_KEY_UILaunchStoryboardName = LaunchScreen;
				INFOPLIST_KEY_UIMainStoryboardFile = Main;
				INFOPLIST_KEY_UISupportedInterfaceOrientations_iPad = "UIInterfaceOrientationPortrait UIInterfaceOrientationPortraitUpsideDown UIInterfaceOrientationLandscapeLeft UIInterfaceOrientationLandscapeRight";
				INFOPLIST_KEY_UISupportedInterfaceOrientations_iPhone = "UIInterfaceOrientationPortrait UIInterfaceOrientationLandscapeLeft UIInterfaceOrientationLandscapeRight";
				LD_RUNPATH_SEARCH_PATHS = (
					"$(inherited)",
					"@executable_path/Frameworks",
				);
				MARKETING_VERSION = 1.0;
				PRODUCT_BUNDLE_IDENTIFIER = io.justpixel.MainApp;
				PRODUCT_NAME = "$(TARGET_NAME)";
				SWIFT_EMIT_LOC_STRINGS = YES;
				SWIFT_VERSION = 5.0;
				TARGETED_DEVICE_FAMILY = "1,2";
			};
			name = Debug;
		};
		9F51A0EB26F88F65001F1118 /* Release */ = {
			isa = XCBuildConfiguration;
			buildSettings = {
				ASSETCATALOG_COMPILER_APPICON_NAME = AppIcon;
				ASSETCATALOG_COMPILER_GLOBAL_ACCENT_COLOR_NAME = AccentColor;
				CODE_SIGN_STYLE = Automatic;
				CURRENT_PROJECT_VERSION = 1;
				DEVELOPMENT_TEAM = CLCZFAVBGV;
				GENERATE_INFOPLIST_FILE = YES;
				INFOPLIST_FILE = MainApp/Info.plist;
				INFOPLIST_KEY_UIApplicationSupportsIndirectInputEvents = YES;
				INFOPLIST_KEY_UILaunchStoryboardName = LaunchScreen;
				INFOPLIST_KEY_UIMainStoryboardFile = Main;
				INFOPLIST_KEY_UISupportedInterfaceOrientations_iPad = "UIInterfaceOrientationPortrait UIInterfaceOrientationPortraitUpsideDown UIInterfaceOrientationLandscapeLeft UIInterfaceOrientationLandscapeRight";
				INFOPLIST_KEY_UISupportedInterfaceOrientations_iPhone = "UIInterfaceOrientationPortrait UIInterfaceOrientationLandscapeLeft UIInterfaceOrientationLandscapeRight";
				LD_RUNPATH_SEARCH_PATHS = (
					"$(inherited)",
					"@executable_path/Frameworks",
				);
				MARKETING_VERSION = 1.0;
				PRODUCT_BUNDLE_IDENTIFIER = io.justpixel.MainApp;
				PRODUCT_NAME = "$(TARGET_NAME)";
				SWIFT_EMIT_LOC_STRINGS = YES;
				SWIFT_VERSION = 5.0;
				TARGETED_DEVICE_FAMILY = "1,2";
			};
			name = Release;
		};
		9F51A0ED26F88F65001F1118 /* Debug */ = {
			isa = XCBuildConfiguration;
			buildSettings = {
				ALWAYS_EMBED_SWIFT_STANDARD_LIBRARIES = YES;
				BUNDLE_LOADER = "$(TEST_HOST)";
				CODE_SIGN_STYLE = Automatic;
				CURRENT_PROJECT_VERSION = 1;
				DEVELOPMENT_TEAM = CLCZFAVBGV;
				GENERATE_INFOPLIST_FILE = YES;
				IPHONEOS_DEPLOYMENT_TARGET = 15.0;
				LD_RUNPATH_SEARCH_PATHS = (
					"$(inherited)",
					"@executable_path/Frameworks",
					"@loader_path/Frameworks",
				);
				MARKETING_VERSION = 1.0;
				PRODUCT_BUNDLE_IDENTIFIER = io.justpixel.MainAppTests;
				PRODUCT_NAME = "$(TARGET_NAME)";
				SWIFT_EMIT_LOC_STRINGS = NO;
				SWIFT_VERSION = 5.0;
				TARGETED_DEVICE_FAMILY = "1,2";
				TEST_HOST = "$(BUILT_PRODUCTS_DIR)/MainApp.app/MainApp";
			};
			name = Debug;
		};
		9F51A0EE26F88F65001F1118 /* Release */ = {
			isa = XCBuildConfiguration;
			buildSettings = {
				ALWAYS_EMBED_SWIFT_STANDARD_LIBRARIES = YES;
				BUNDLE_LOADER = "$(TEST_HOST)";
				CODE_SIGN_STYLE = Automatic;
				CURRENT_PROJECT_VERSION = 1;
				DEVELOPMENT_TEAM = CLCZFAVBGV;
				GENERATE_INFOPLIST_FILE = YES;
				IPHONEOS_DEPLOYMENT_TARGET = 15.0;
				LD_RUNPATH_SEARCH_PATHS = (
					"$(inherited)",
					"@executable_path/Frameworks",
					"@loader_path/Frameworks",
				);
				MARKETING_VERSION = 1.0;
				PRODUCT_BUNDLE_IDENTIFIER = io.justpixel.MainAppTests;
				PRODUCT_NAME = "$(TARGET_NAME)";
				SWIFT_EMIT_LOC_STRINGS = NO;
				SWIFT_VERSION = 5.0;
				TARGETED_DEVICE_FAMILY = "1,2";
				TEST_HOST = "$(BUILT_PRODUCTS_DIR)/MainApp.app/MainApp";
			};
			name = Release;
		};
		9F51A0F026F88F65001F1118 /* Debug */ = {
			isa = XCBuildConfiguration;
			buildSettings = {
				ALWAYS_EMBED_SWIFT_STANDARD_LIBRARIES = YES;
				CODE_SIGN_STYLE = Automatic;
				CURRENT_PROJECT_VERSION = 1;
				DEVELOPMENT_TEAM = CLCZFAVBGV;
				GENERATE_INFOPLIST_FILE = YES;
				LD_RUNPATH_SEARCH_PATHS = (
					"$(inherited)",
					"@executable_path/Frameworks",
					"@loader_path/Frameworks",
				);
				MARKETING_VERSION = 1.0;
				PRODUCT_BUNDLE_IDENTIFIER = io.justpixel.MainAppUITests;
				PRODUCT_NAME = "$(TARGET_NAME)";
				SWIFT_EMIT_LOC_STRINGS = NO;
				SWIFT_VERSION = 5.0;
				TARGETED_DEVICE_FAMILY = "1,2";
				TEST_TARGET_NAME = MainApp;
			};
			name = Debug;
		};
		9F51A0F126F88F65001F1118 /* Release */ = {
			isa = XCBuildConfiguration;
			buildSettings = {
				ALWAYS_EMBED_SWIFT_STANDARD_LIBRARIES = YES;
				CODE_SIGN_STYLE = Automatic;
				CURRENT_PROJECT_VERSION = 1;
				DEVELOPMENT_TEAM = CLCZFAVBGV;
				GENERATE_INFOPLIST_FILE = YES;
				LD_RUNPATH_SEARCH_PATHS = (
					"$(inherited)",
					"@executable_path/Frameworks",
					"@loader_path/Frameworks",
				);
				MARKETING_VERSION = 1.0;
				PRODUCT_BUNDLE_IDENTIFIER = io.justpixel.MainAppUITests;
				PRODUCT_NAME = "$(TARGET_NAME)";
				SWIFT_EMIT_LOC_STRINGS = NO;
				SWIFT_VERSION = 5.0;
				TARGETED_DEVICE_FAMILY = "1,2";
				TEST_TARGET_NAME = MainApp;
			};
			name = Release;
		};
/* End XCBuildConfiguration section */

/* Begin XCConfigurationList section */
		9F51A0BA26F88F62001F1118 /* Build configuration list for PBXProject "MainApp" */ = {
			isa = XCConfigurationList;
			buildConfigurations = (
				9F51A0E726F88F65001F1118 /* Debug */,
				9F51A0E826F88F65001F1118 /* Release */,
			);
			defaultConfigurationIsVisible = 0;
			defaultConfigurationName = Release;
		};
		9F51A0E926F88F65001F1118 /* Build configuration list for PBXNativeTarget "MainApp" */ = {
			isa = XCConfigurationList;
			buildConfigurations = (
				9F51A0EA26F88F65001F1118 /* Debug */,
				9F51A0EB26F88F65001F1118 /* Release */,
			);
			defaultConfigurationIsVisible = 0;
			defaultConfigurationName = Release;
		};
		9F51A0EC26F88F65001F1118 /* Build configuration list for PBXNativeTarget "MainAppTests" */ = {
			isa = XCConfigurationList;
			buildConfigurations = (
				9F51A0ED26F88F65001F1118 /* Debug */,
				9F51A0EE26F88F65001F1118 /* Release */,
			);
			defaultConfigurationIsVisible = 0;
			defaultConfigurationName = Release;
		};
		9F51A0EF26F88F65001F1118 /* Build configuration list for PBXNativeTarget "MainAppUITests" */ = {
			isa = XCConfigurationList;
			buildConfigurations = (
				9F51A0F026F88F65001F1118 /* Debug */,
				9F51A0F126F88F65001F1118 /* Release */,
			);
			defaultConfigurationIsVisible = 0;
			defaultConfigurationName = Release;
		};
/* End XCConfigurationList section */

/* Begin XCSwiftPackageProductDependency section */
		9F42601F26F896D2005EB7B8 /* NetworkModule */ = {
			isa = XCSwiftPackageProductDependency;
			productName = NetworkModule;
		};
/* End XCSwiftPackageProductDependency section */
	};
	rootObject = 9F51A0B726F88F62001F1118 /* Project object */;
}
